
Microsoft Visual Studio Solution File, Format Version 12.00
# Visual Studio Version 16
VisualStudioVersion = 16.0.30225.117
MinimumVisualStudioVersion = 10.0.40219.1
Project("{FAE04EC0-301F-11D3-BF4B-00C04F79EFBC}") = "DictionaryDataStructure", "DictionaryDataStructure\DictionaryDataStructure.csproj", "{4E0FDA2B-22E1-4E43-8EAE-76BB71B2FFCE}"
EndProject
Global
	GlobalSection(SolutionConfigurationPlatforms) = preSolution
		Debug|Any CPU = Debug|Any CPU
		Release|Any CPU = Release|Any CPU
	EndGlobalSection
	GlobalSection(ProjectConfigurationPlatforms) = postSolution
		{4E0FDA2B-22E1-4E43-8EAE-76BB71B2FFCE}.Debug|Any CPU.ActiveCfg = Debug|Any CPU
		{4E0FDA2B-22E1-4E43-8EAE-76BB71B2FFCE}.Debug|Any CPU.Build.0 = Debug|Any CPU
		{4E0FDA2B-22E1-4E43-8EAE-76BB71B2FFCE}.Release|Any CPU.ActiveCfg = Release|Any CPU
		{4E0FDA2B-22E1-4E43-8EAE-76BB71B2FFCE}.Release|Any CPU.Build.0 = Release|Any CPU
	EndGlobalSection
	GlobalSection(SolutionProperties) = preSolution
		HideSolutionNode = FALSE
	EndGlobalSection
	GlobalSection(ExtensibilityGlobals) = postSolution
		SolutionGuid = {4F965DD4-ACC4-4F34-B17D-CC454E65B47D}
	EndGlobalSection
EndGlobal
